
Microsoft Visual Studio Solution File, Format Version 11.00
# Visual Studio 2010
Project("{FAE04EC0-301F-11D3-BF4B-00C04F79EFBC}") = "Demotic.Server", "Demotic.Server\Demotic.Server.csproj", "{1571EE8E-6FAA-4636-A664-3A68A93632D5}"
EndProject
Project("{FAE04EC0-301F-11D3-BF4B-00C04F79EFBC}") = "Demotic.Core", "Demotic.Core\Demotic.Core.csproj", "{9E4E37F3-CA1D-4A9C-B906-8F228FA12F4A}"
EndProject
Project("{2150E333-8FDC-42A3-9474-1A3956D46DE8}") = "Solution Items", "Solution Items", "{03B2722A-A651-496F-9C4F-2D10F4305FB9}"
	ProjectSection(SolutionItems) = preProject
		Demotic.vsmdi = Demotic.vsmdi
		Local.testsettings = Local.testsettings
		TraceAndTestImpact.testsettings = TraceAndTestImpact.testsettings
	EndProjectSection
EndProject
Project("{FAE04EC0-301F-11D3-BF4B-00C04F79EFBC}") = "Demotic.Network", "Demotic.Dip\Demotic.Network.csproj", "{70E53AFA-A354-42AA-8111-600435232560}"
EndProject
Project("{FAE04EC0-301F-11D3-BF4B-00C04F79EFBC}") = "Demotic.Network.Test", "Demotic.Dip.Test\Demotic.Network.Test.csproj", "{E72A2C61-6684-42AC-A487-38F4695C596F}"
EndProject
Project("{F088123C-0E9E-452A-89E6-6BA2F21D5CAC}") = "Demotic.Models", "Demotic.Models\Demotic.Models.modelproj", "{55700197-BC55-464D-A95B-71E5AA3227F8}"
EndProject
Project("{FAE04EC0-301F-11D3-BF4B-00C04F79EFBC}") = "Demotic.Client", "Demotic.Client\Demotic.Client.csproj", "{A8CF8139-DC75-4520-8306-4D02AA41FF76}"
EndProject
Project("{FAE04EC0-301F-11D3-BF4B-00C04F79EFBC}") = "W3b.Sine", "W3b.Sine\W3b.Sine\W3b.Sine.csproj", "{2D8D532C-D1A5-429D-8B9B-2CC5C2D8E5FE}"
EndProject
Global
	GlobalSection(TestCaseManagementSettings) = postSolution
		CategoryFile = Demotic.vsmdi
	EndGlobalSection
	GlobalSection(SolutionConfigurationPlatforms) = preSolution
		Debug|Any CPU = Debug|Any CPU
		Debug|Mixed Platforms = Debug|Mixed Platforms
		Debug|x86 = Debug|x86
		Release|Any CPU = Release|Any CPU
		Release|Mixed Platforms = Release|Mixed Platforms
		Release|x86 = Release|x86
	EndGlobalSection
	GlobalSection(ProjectConfigurationPlatforms) = postSolution
		{1571EE8E-6FAA-4636-A664-3A68A93632D5}.Debug|Any CPU.ActiveCfg = Debug|x86
		{1571EE8E-6FAA-4636-A664-3A68A93632D5}.Debug|Mixed Platforms.ActiveCfg = Debug|x86
		{1571EE8E-6FAA-4636-A664-3A68A93632D5}.Debug|Mixed Platforms.Build.0 = Debug|x86
		{1571EE8E-6FAA-4636-A664-3A68A93632D5}.Debug|x86.ActiveCfg = Debug|x86
		{1571EE8E-6FAA-4636-A664-3A68A93632D5}.Debug|x86.Build.0 = Debug|x86
		{1571EE8E-6FAA-4636-A664-3A68A93632D5}.Release|Any CPU.ActiveCfg = Release|x86
		{1571EE8E-6FAA-4636-A664-3A68A93632D5}.Release|Mixed Platforms.ActiveCfg = Release|x86
		{1571EE8E-6FAA-4636-A664-3A68A93632D5}.Release|Mixed Platforms.Build.0 = Release|x86
		{1571EE8E-6FAA-4636-A664-3A68A93632D5}.Release|x86.ActiveCfg = Release|x86
		{1571EE8E-6FAA-4636-A664-3A68A93632D5}.Release|x86.Build.0 = Release|x86
		{9E4E37F3-CA1D-4A9C-B906-8F228FA12F4A}.Debug|Any CPU.ActiveCfg = Debug|Any CPU
		{9E4E37F3-CA1D-4A9C-B906-8F228FA12F4A}.Debug|Any CPU.Build.0 = Debug|Any CPU
		{9E4E37F3-CA1D-4A9C-B906-8F228FA12F4A}.Debug|Mixed Platforms.ActiveCfg = Debug|Any CPU
		{9E4E37F3-CA1D-4A9C-B906-8F228FA12F4A}.Debug|Mixed Platforms.Build.0 = Debug|Any CPU
		{9E4E37F3-CA1D-4A9C-B906-8F228FA12F4A}.Debug|x86.ActiveCfg = Debug|Any CPU
		{9E4E37F3-CA1D-4A9C-B906-8F228FA12F4A}.Release|Any CPU.ActiveCfg = Release|Any CPU
		{9E4E37F3-CA1D-4A9C-B906-8F228FA12F4A}.Release|Any CPU.Build.0 = Release|Any CPU
		{9E4E37F3-CA1D-4A9C-B906-8F228FA12F4A}.Release|Mixed Platforms.ActiveCfg = Release|Any CPU
		{9E4E37F3-CA1D-4A9C-B906-8F228FA12F4A}.Release|Mixed Platforms.Build.0 = Release|Any CPU
		{9E4E37F3-CA1D-4A9C-B906-8F228FA12F4A}.Release|x86.ActiveCfg = Release|Any CPU
		{70E53AFA-A354-42AA-8111-600435232560}.Debug|Any CPU.ActiveCfg = Debug|Any CPU
		{70E53AFA-A354-42AA-8111-600435232560}.Debug|Any CPU.Build.0 = Debug|Any CPU
		{70E53AFA-A354-42AA-8111-600435232560}.Debug|Mixed Platforms.ActiveCfg = Debug|Any CPU
		{70E53AFA-A354-42AA-8111-600435232560}.Debug|Mixed Platforms.Build.0 = Debug|Any CPU
		{70E53AFA-A354-42AA-8111-600435232560}.Debug|x86.ActiveCfg = Debug|Any CPU
		{70E53AFA-A354-42AA-8111-600435232560}.Release|Any CPU.ActiveCfg = Release|Any CPU
		{70E53AFA-A354-42AA-8111-600435232560}.Release|Any CPU.Build.0 = Release|Any CPU
		{70E53AFA-A354-42AA-8111-600435232560}.Release|Mixed Platforms.ActiveCfg = Release|Any CPU
		{70E53AFA-A354-42AA-8111-600435232560}.Release|Mixed Platforms.Build.0 = Release|Any CPU
		{70E53AFA-A354-42AA-8111-600435232560}.Release|x86.ActiveCfg = Release|Any CPU
		{E72A2C61-6684-42AC-A487-38F4695C596F}.Debug|Any CPU.ActiveCfg = Debug|Any CPU
		{E72A2C61-6684-42AC-A487-38F4695C596F}.Debug|Any CPU.Build.0 = Debug|Any CPU
		{E72A2C61-6684-42AC-A487-38F4695C596F}.Debug|Mixed Platforms.ActiveCfg = Debug|Any CPU
		{E72A2C61-6684-42AC-A487-38F4695C596F}.Debug|Mixed Platforms.Build.0 = Debug|Any CPU
		{E72A2C61-6684-42AC-A487-38F4695C596F}.Debug|x86.ActiveCfg = Debug|Any CPU
		{E72A2C61-6684-42AC-A487-38F4695C596F}.Release|Any CPU.ActiveCfg = Release|Any CPU
		{E72A2C61-6684-42AC-A487-38F4695C596F}.Release|Any CPU.Build.0 = Release|Any CPU
		{E72A2C61-6684-42AC-A487-38F4695C596F}.Release|Mixed Platforms.ActiveCfg = Release|Any CPU
		{E72A2C61-6684-42AC-A487-38F4695C596F}.Release|Mixed Platforms.Build.0 = Release|Any CPU
		{E72A2C61-6684-42AC-A487-38F4695C596F}.Release|x86.ActiveCfg = Release|Any CPU
		{55700197-BC55-464D-A95B-71E5AA3227F8}.Debug|Any CPU.ActiveCfg = Debug|Any CPU
		{55700197-BC55-464D-A95B-71E5AA3227F8}.Debug|Any CPU.Build.0 = Debug|Any CPU
		{55700197-BC55-464D-A95B-71E5AA3227F8}.Debug|Mixed Platforms.ActiveCfg = Debug|Any CPU
		{55700197-BC55-464D-A95B-71E5AA3227F8}.Debug|Mixed Platforms.Build.0 = Debug|Any CPU
		{55700197-BC55-464D-A95B-71E5AA3227F8}.Debug|x86.ActiveCfg = Debug|Any CPU
		{55700197-BC55-464D-A95B-71E5AA3227F8}.Release|Any CPU.ActiveCfg = Release|Any CPU
		{55700197-BC55-464D-A95B-71E5AA3227F8}.Release|Any CPU.Build.0 = Release|Any CPU
		{55700197-BC55-464D-A95B-71E5AA3227F8}.Release|Mixed Platforms.ActiveCfg = Release|Any CPU
		{55700197-BC55-464D-A95B-71E5AA3227F8}.Release|Mixed Platforms.Build.0 = Release|Any CPU
		{55700197-BC55-464D-A95B-71E5AA3227F8}.Release|x86.ActiveCfg = Release|Any CPU
		{A8CF8139-DC75-4520-8306-4D02AA41FF76}.Debug|Any CPU.ActiveCfg = Debug|x86
		{A8CF8139-DC75-4520-8306-4D02AA41FF76}.Debug|Mixed Platforms.ActiveCfg = Debug|x86
		{A8CF8139-DC75-4520-8306-4D02AA41FF76}.Debug|Mixed Platforms.Build.0 = Debug|x86
		{A8CF8139-DC75-4520-8306-4D02AA41FF76}.Debug|x86.ActiveCfg = Debug|x86
		{A8CF8139-DC75-4520-8306-4D02AA41FF76}.Debug|x86.Build.0 = Debug|x86
		{A8CF8139-DC75-4520-8306-4D02AA41FF76}.Release|Any CPU.ActiveCfg = Release|x86
		{A8CF8139-DC75-4520-8306-4D02AA41FF76}.Release|Mixed Platforms.ActiveCfg = Release|x86
		{A8CF8139-DC75-4520-8306-4D02AA41FF76}.Release|Mixed Platforms.Build.0 = Release|x86
		{A8CF8139-DC75-4520-8306-4D02AA41FF76}.Release|x86.ActiveCfg = Release|x86
		{A8CF8139-DC75-4520-8306-4D02AA41FF76}.Release|x86.Build.0 = Release|x86
		{2D8D532C-D1A5-429D-8B9B-2CC5C2D8E5FE}.Debug|Any CPU.ActiveCfg = Debug|Any CPU
		{2D8D532C-D1A5-429D-8B9B-2CC5C2D8E5FE}.Debug|Any CPU.Build.0 = Debug|Any CPU
		{2D8D532C-D1A5-429D-8B9B-2CC5C2D8E5FE}.Debug|Mixed Platforms.ActiveCfg = Debug|Any CPU
		{2D8D532C-D1A5-429D-8B9B-2CC5C2D8E5FE}.Debug|Mixed Platforms.Build.0 = Debug|Any CPU
		{2D8D532C-D1A5-429D-8B9B-2CC5C2D8E5FE}.Debug|x86.ActiveCfg = Debug|Any CPU
		{2D8D532C-D1A5-429D-8B9B-2CC5C2D8E5FE}.Release|Any CPU.ActiveCfg = Release|Any CPU
		{2D8D532C-D1A5-429D-8B9B-2CC5C2D8E5FE}.Release|Any CPU.Build.0 = Release|Any CPU
		{2D8D532C-D1A5-429D-8B9B-2CC5C2D8E5FE}.Release|Mixed Platforms.ActiveCfg = Release|Any CPU
		{2D8D532C-D1A5-429D-8B9B-2CC5C2D8E5FE}.Release|Mixed Platforms.Build.0 = Release|Any CPU
		{2D8D532C-D1A5-429D-8B9B-2CC5C2D8E5FE}.Release|x86.ActiveCfg = Release|Any CPU
	EndGlobalSection
	GlobalSection(SolutionProperties) = preSolution
		HideSolutionNode = FALSE
	EndGlobalSection
EndGlobal
